
Microsoft Visual Studio Solution File, Format Version 12.00
# Visual Studio Version 17
VisualStudioVersion = 17.0.31903.59
MinimumVisualStudioVersion = 10.0.40219.1
Project("{2150E333-8FDC-42A3-9474-1A3956D46DE8}") = "src", "src", "{4731DDE3-47DF-4EC8-BA71-34A012C67060}"
EndProject
Project("{9A19103F-16F7-4668-BE54-9A1E7A4F7556}") = "WebHook.Producer", "src\WebHook.Console\WebHook.Producer.csproj", "{76931A20-1E7A-4646-A4CF-11BFFF91B87B}"
EndProject
Project("{9A19103F-16F7-4668-BE54-9A1E7A4F7556}") = "WebHook.Contracts", "WebHook.Contracts\WebHook.Contracts.csproj", "{09C1F83D-9431-4518-96BC-DC23E105C870}"
EndProject
Project("{9A19103F-16F7-4668-BE54-9A1E7A4F7556}") = "WebHook.Dispatcher", "WebHook.Dispatcher\WebHook.Dispatcher.csproj", "{0B1D2074-308D-42BD-B255-848DB8AB59D8}"
EndProject
Project("{9A19103F-16F7-4668-BE54-9A1E7A4F7556}") = "WebHook.SubscriptionStore.Client", "WebHook.SubscriptionStore.Client\WebHook.SubscriptionStore.Client.csproj", "{28EC3118-ABAB-4766-8D12-FE0468BFA94C}"
EndProject
Project("{9A19103F-16F7-4668-BE54-9A1E7A4F7556}") = "WebHook.SubscriptionStore.WebApi", "WebHook.SubscriptionStore.WebApi\WebHook.SubscriptionStore.WebApi.csproj", "{9BA6A5D7-7FC7-46A7-9A25-62835AC9F92A}"
EndProject
Project("{2150E333-8FDC-42A3-9474-1A3956D46DE8}") = "SubscriptionStore", "SubscriptionStore", "{489785E4-03C5-4100-816C-7CA751D970C6}"
EndProject
Project("{9A19103F-16F7-4668-BE54-9A1E7A4F7556}") = "WebHook.DispatchItemStore.Client", "WebHook.DispatchItemStore.Client\WebHook.DispatchItemStore.Client.csproj", "{6EC32576-C3A1-4329-A523-CF097E71E9E3}"
EndProject
Project("{2150E333-8FDC-42A3-9474-1A3956D46DE8}") = "Dispatcher", "Dispatcher", "{BEDCED38-9E49-4408-BD43-AD29D3C5E961}"
EndProject
Project("{2150E333-8FDC-42A3-9474-1A3956D46DE8}") = "DispatchItemStore", "DispatchItemStore", "{80246D97-5A80-4AFE-AF2E-54320DA6BC7B}"
EndProject
Project("{9A19103F-16F7-4668-BE54-9A1E7A4F7556}") = "WebHook.DispatchItemStore.Client.Redis", "WebHook.DispatchItemStore.Client.Redis\WebHook.DispatchItemStore.Client.Redis.csproj", "{6795D3F9-B8B7-4D2B-9AAE-65E302ABD7AD}"
EndProject
Project("{2150E333-8FDC-42A3-9474-1A3956D46DE8}") = "docker", "docker", "{76487C3D-FF96-4D92-A058-A3A0E8D827CB}"
	ProjectSection(SolutionItems) = preProject
		DispatcherDockerfile = DispatcherDockerfile
		Docker\docker-compose.yml = Docker\docker-compose.yml
	EndProjectSection
EndProject
Project("{9A19103F-16F7-4668-BE54-9A1E7A4F7556}") = "WebHook.SubscriptionStore.Client.Postgres", "WebHook.SubscriptionStore.Client.Postgres\WebHook.SubscriptionStore.Client.Postgres.csproj", "{8BF3AAB8-1551-4456-9AB3-291AB0211F39}"
EndProject
Project("{2150E333-8FDC-42A3-9474-1A3956D46DE8}") = "Demos", "Demos", "{6CDA09FA-61B8-447D-9A18-5CE23D275767}"
EndProject
Project("{9A19103F-16F7-4668-BE54-9A1E7A4F7556}") = "AzureStoragePlayground", "AzureStoragePlayground\AzureStoragePlayground.csproj", "{454330A5-E7BB-46B3-9433-BF1881C39022}"
EndProject
Project("{9A19103F-16F7-4668-BE54-9A1E7A4F7556}") = "WebHook.DispatchItemStore.Client.AzureQueueStorage", "WebHook.DispatchItemStore.Client.AzureQueueStorage\WebHook.DispatchItemStore.Client.AzureQueueStorage.csproj", "{53A7A0C6-050B-4128-AD52-2323D79B6B73}"
EndProject
Project("{2150E333-8FDC-42A3-9474-1A3956D46DE8}") = "Mocks", "Mocks", "{F00FC014-5E87-450B-9204-86829F8D5B7A}"
EndProject
Project("{9A19103F-16F7-4668-BE54-9A1E7A4F7556}") = "MockWebHookEndpoint", "MockWebHookEndpoint\MockWebHookEndpoint.csproj", "{3A2DC8A7-BDD7-454F-85F6-1F17F4B4A724}"
EndProject
Project("{FAE04EC0-301F-11D3-BF4B-00C04F79EFBC}") = "KafkaPlayground", "KafkaPlayground\KafkaPlayground.csproj", "{F592AEC4-DFF7-49CC-8010-E027D96C3865}"
EndProject
Global
	GlobalSection(SolutionConfigurationPlatforms) = preSolution
		Debug|Any CPU = Debug|Any CPU
		Release|Any CPU = Release|Any CPU
	EndGlobalSection
	GlobalSection(ProjectConfigurationPlatforms) = postSolution
		{76931A20-1E7A-4646-A4CF-11BFFF91B87B}.Debug|Any CPU.ActiveCfg = Debug|Any CPU
		{76931A20-1E7A-4646-A4CF-11BFFF91B87B}.Debug|Any CPU.Build.0 = Debug|Any CPU
		{76931A20-1E7A-4646-A4CF-11BFFF91B87B}.Release|Any CPU.ActiveCfg = Release|Any CPU
		{76931A20-1E7A-4646-A4CF-11BFFF91B87B}.Release|Any CPU.Build.0 = Release|Any CPU
		{09C1F83D-9431-4518-96BC-DC23E105C870}.Debug|Any CPU.ActiveCfg = Debug|Any CPU
		{09C1F83D-9431-4518-96BC-DC23E105C870}.Debug|Any CPU.Build.0 = Debug|Any CPU
		{09C1F83D-9431-4518-96BC-DC23E105C870}.Release|Any CPU.ActiveCfg = Release|Any CPU
		{09C1F83D-9431-4518-96BC-DC23E105C870}.Release|Any CPU.Build.0 = Release|Any CPU
		{0B1D2074-308D-42BD-B255-848DB8AB59D8}.Debug|Any CPU.ActiveCfg = Debug|Any CPU
		{0B1D2074-308D-42BD-B255-848DB8AB59D8}.Debug|Any CPU.Build.0 = Debug|Any CPU
		{0B1D2074-308D-42BD-B255-848DB8AB59D8}.Release|Any CPU.ActiveCfg = Release|Any CPU
		{0B1D2074-308D-42BD-B255-848DB8AB59D8}.Release|Any CPU.Build.0 = Release|Any CPU
		{28EC3118-ABAB-4766-8D12-FE0468BFA94C}.Debug|Any CPU.ActiveCfg = Debug|Any CPU
		{28EC3118-ABAB-4766-8D12-FE0468BFA94C}.Debug|Any CPU.Build.0 = Debug|Any CPU
		{28EC3118-ABAB-4766-8D12-FE0468BFA94C}.Release|Any CPU.ActiveCfg = Release|Any CPU
		{28EC3118-ABAB-4766-8D12-FE0468BFA94C}.Release|Any CPU.Build.0 = Release|Any CPU
		{9BA6A5D7-7FC7-46A7-9A25-62835AC9F92A}.Debug|Any CPU.ActiveCfg = Debug|Any CPU
		{9BA6A5D7-7FC7-46A7-9A25-62835AC9F92A}.Debug|Any CPU.Build.0 = Debug|Any CPU
		{9BA6A5D7-7FC7-46A7-9A25-62835AC9F92A}.Release|Any CPU.ActiveCfg = Release|Any CPU
		{9BA6A5D7-7FC7-46A7-9A25-62835AC9F92A}.Release|Any CPU.Build.0 = Release|Any CPU
		{6EC32576-C3A1-4329-A523-CF097E71E9E3}.Debug|Any CPU.ActiveCfg = Debug|Any CPU
		{6EC32576-C3A1-4329-A523-CF097E71E9E3}.Debug|Any CPU.Build.0 = Debug|Any CPU
		{6EC32576-C3A1-4329-A523-CF097E71E9E3}.Release|Any CPU.ActiveCfg = Release|Any CPU
		{6EC32576-C3A1-4329-A523-CF097E71E9E3}.Release|Any CPU.Build.0 = Release|Any CPU
		{6795D3F9-B8B7-4D2B-9AAE-65E302ABD7AD}.Debug|Any CPU.ActiveCfg = Debug|Any CPU
		{6795D3F9-B8B7-4D2B-9AAE-65E302ABD7AD}.Debug|Any CPU.Build.0 = Debug|Any CPU
		{6795D3F9-B8B7-4D2B-9AAE-65E302ABD7AD}.Release|Any CPU.ActiveCfg = Release|Any CPU
		{6795D3F9-B8B7-4D2B-9AAE-65E302ABD7AD}.Release|Any CPU.Build.0 = Release|Any CPU
		{8BF3AAB8-1551-4456-9AB3-291AB0211F39}.Debug|Any CPU.ActiveCfg = Debug|Any CPU
		{8BF3AAB8-1551-4456-9AB3-291AB0211F39}.Debug|Any CPU.Build.0 = Debug|Any CPU
		{8BF3AAB8-1551-4456-9AB3-291AB0211F39}.Release|Any CPU.ActiveCfg = Release|Any CPU
		{8BF3AAB8-1551-4456-9AB3-291AB0211F39}.Release|Any CPU.Build.0 = Release|Any CPU
		{454330A5-E7BB-46B3-9433-BF1881C39022}.Debug|Any CPU.ActiveCfg = Debug|Any CPU
		{454330A5-E7BB-46B3-9433-BF1881C39022}.Debug|Any CPU.Build.0 = Debug|Any CPU
		{454330A5-E7BB-46B3-9433-BF1881C39022}.Release|Any CPU.ActiveCfg = Release|Any CPU
		{454330A5-E7BB-46B3-9433-BF1881C39022}.Release|Any CPU.Build.0 = Release|Any CPU
		{53A7A0C6-050B-4128-AD52-2323D79B6B73}.Debug|Any CPU.ActiveCfg = Debug|Any CPU
		{53A7A0C6-050B-4128-AD52-2323D79B6B73}.Debug|Any CPU.Build.0 = Debug|Any CPU
		{53A7A0C6-050B-4128-AD52-2323D79B6B73}.Release|Any CPU.ActiveCfg = Release|Any CPU
		{53A7A0C6-050B-4128-AD52-2323D79B6B73}.Release|Any CPU.Build.0 = Release|Any CPU
		{3A2DC8A7-BDD7-454F-85F6-1F17F4B4A724}.Debug|Any CPU.ActiveCfg = Debug|Any CPU
		{3A2DC8A7-BDD7-454F-85F6-1F17F4B4A724}.Debug|Any CPU.Build.0 = Debug|Any CPU
		{3A2DC8A7-BDD7-454F-85F6-1F17F4B4A724}.Release|Any CPU.ActiveCfg = Release|Any CPU
		{3A2DC8A7-BDD7-454F-85F6-1F17F4B4A724}.Release|Any CPU.Build.0 = Release|Any CPU
		{F592AEC4-DFF7-49CC-8010-E027D96C3865}.Debug|Any CPU.ActiveCfg = Debug|Any CPU
		{F592AEC4-DFF7-49CC-8010-E027D96C3865}.Debug|Any CPU.Build.0 = Debug|Any CPU
		{F592AEC4-DFF7-49CC-8010-E027D96C3865}.Release|Any CPU.ActiveCfg = Release|Any CPU
		{F592AEC4-DFF7-49CC-8010-E027D96C3865}.Release|Any CPU.Build.0 = Release|Any CPU
	EndGlobalSection
	GlobalSection(SolutionProperties) = preSolution
		HideSolutionNode = FALSE
	EndGlobalSection
	GlobalSection(NestedProjects) = preSolution
		{76931A20-1E7A-4646-A4CF-11BFFF91B87B} = {4731DDE3-47DF-4EC8-BA71-34A012C67060}
		{09C1F83D-9431-4518-96BC-DC23E105C870} = {4731DDE3-47DF-4EC8-BA71-34A012C67060}
		{0B1D2074-308D-42BD-B255-848DB8AB59D8} = {BEDCED38-9E49-4408-BD43-AD29D3C5E961}
		{28EC3118-ABAB-4766-8D12-FE0468BFA94C} = {489785E4-03C5-4100-816C-7CA751D970C6}
		{9BA6A5D7-7FC7-46A7-9A25-62835AC9F92A} = {489785E4-03C5-4100-816C-7CA751D970C6}
		{489785E4-03C5-4100-816C-7CA751D970C6} = {4731DDE3-47DF-4EC8-BA71-34A012C67060}
		{6EC32576-C3A1-4329-A523-CF097E71E9E3} = {80246D97-5A80-4AFE-AF2E-54320DA6BC7B}
		{BEDCED38-9E49-4408-BD43-AD29D3C5E961} = {4731DDE3-47DF-4EC8-BA71-34A012C67060}
		{80246D97-5A80-4AFE-AF2E-54320DA6BC7B} = {4731DDE3-47DF-4EC8-BA71-34A012C67060}
		{6795D3F9-B8B7-4D2B-9AAE-65E302ABD7AD} = {80246D97-5A80-4AFE-AF2E-54320DA6BC7B}
		{8BF3AAB8-1551-4456-9AB3-291AB0211F39} = {489785E4-03C5-4100-816C-7CA751D970C6}
		{6CDA09FA-61B8-447D-9A18-5CE23D275767} = {4731DDE3-47DF-4EC8-BA71-34A012C67060}
		{454330A5-E7BB-46B3-9433-BF1881C39022} = {6CDA09FA-61B8-447D-9A18-5CE23D275767}
		{53A7A0C6-050B-4128-AD52-2323D79B6B73} = {80246D97-5A80-4AFE-AF2E-54320DA6BC7B}
		{F00FC014-5E87-450B-9204-86829F8D5B7A} = {4731DDE3-47DF-4EC8-BA71-34A012C67060}
		{3A2DC8A7-BDD7-454F-85F6-1F17F4B4A724} = {F00FC014-5E87-450B-9204-86829F8D5B7A}
		{F592AEC4-DFF7-49CC-8010-E027D96C3865} = {6CDA09FA-61B8-447D-9A18-5CE23D275767}
	EndGlobalSection
	GlobalSection(ExtensibilityGlobals) = postSolution
		SolutionGuid = {318DA05C-C93C-41E9-BC17-9D053EFB1CC3}
	EndGlobalSection
EndGlobal
